
Microsoft Visual Studio Solution File, Format Version 12.00
# Visual Studio Version 17
VisualStudioVersion = 17.11.35312.102
MinimumVisualStudioVersion = 10.0.40219.1
Project("{9A19103F-16F7-4668-BE54-9A1E7A4F7556}") = "Ogani.MVC", "Ogani.MVC\Ogani.MVC.csproj", "{FB65760E-3119-43D2-9215-29499A909016}"
EndProject
Project("{9A19103F-16F7-4668-BE54-9A1E7A4F7556}") = "Ogani.DAL", "Ogani.DAL\Ogani.DAL.csproj", "{D9CBE1B4-B7C0-4DEE-BF09-FCC5CEE3017F}"
EndProject
Project("{FAE04EC0-301F-11D3-BF4B-00C04F79EFBC}") = "Ogani.BLL", "Ogani.BLL\Ogani.BLL.csproj", "{8FE9CD71-D962-45E7-8C06-339DE2D86AA3}"
EndProject
Global
	GlobalSection(SolutionConfigurationPlatforms) = preSolution
		Debug|Any CPU = Debug|Any CPU
		Release|Any CPU = Release|Any CPU
	EndGlobalSection
	GlobalSection(ProjectConfigurationPlatforms) = postSolution
		{FB65760E-3119-43D2-9215-29499A909016}.Debug|Any CPU.ActiveCfg = Debug|Any CPU
		{FB65760E-3119-43D2-9215-29499A909016}.Debug|Any CPU.Build.0 = Debug|Any CPU
		{FB65760E-3119-43D2-9215-29499A909016}.Release|Any CPU.ActiveCfg = Release|Any CPU
		{FB65760E-3119-43D2-9215-29499A909016}.Release|Any CPU.Build.0 = Release|Any CPU
		{D9CBE1B4-B7C0-4DEE-BF09-FCC5CEE3017F}.Debug|Any CPU.ActiveCfg = Debug|Any CPU
		{D9CBE1B4-B7C0-4DEE-BF09-FCC5CEE3017F}.Debug|Any CPU.Build.0 = Debug|Any CPU
		{D9CBE1B4-B7C0-4DEE-BF09-FCC5CEE3017F}.Release|Any CPU.ActiveCfg = Release|Any CPU
		{D9CBE1B4-B7C0-4DEE-BF09-FCC5CEE3017F}.Release|Any CPU.Build.0 = Release|Any CPU
		{8FE9CD71-D962-45E7-8C06-339DE2D86AA3}.Debug|Any CPU.ActiveCfg = Debug|Any CPU
		{8FE9CD71-D962-45E7-8C06-339DE2D86AA3}.Debug|Any CPU.Build.0 = Debug|Any CPU
		{8FE9CD71-D962-45E7-8C06-339DE2D86AA3}.Release|Any CPU.ActiveCfg = Release|Any CPU
		{8FE9CD71-D962-45E7-8C06-339DE2D86AA3}.Release|Any CPU.Build.0 = Release|Any CPU
	EndGlobalSection
	GlobalSection(SolutionProperties) = preSolution
		HideSolutionNode = FALSE
	EndGlobalSection
	GlobalSection(ExtensibilityGlobals) = postSolution
		SolutionGuid = {32A5B4A6-6D5F-411A-8221-986E4E2B4EF7}
	EndGlobalSection
EndGlobal
